
Microsoft Visual Studio Solution File, Format Version 12.00
# Visual Studio Version 17
VisualStudioVersion = 17.11.35303.130
MinimumVisualStudioVersion = 10.0.40219.1
Project("{FAE04EC0-301F-11D3-BF4B-00C04F79EFBC}") = "LapShop", "LapShop\LapShop.csproj", "{EAF6C269-46F9-4BBE-A7C4-D35282CCB30E}"
EndProject
Global
	GlobalSection(SolutionConfigurationPlatforms) = preSolution
		Debug|Any CPU = Debug|Any CPU
		Release|Any CPU = Release|Any CPU
	EndGlobalSection
	GlobalSection(ProjectConfigurationPlatforms) = postSolution
		{EAF6C269-46F9-4BBE-A7C4-D35282CCB30E}.Debug|Any CPU.ActiveCfg = Debug|Any CPU
		{EAF6C269-46F9-4BBE-A7C4-D35282CCB30E}.Debug|Any CPU.Build.0 = Debug|Any CPU
		{EAF6C269-46F9-4BBE-A7C4-D35282CCB30E}.Release|Any CPU.ActiveCfg = Release|Any CPU
		{EAF6C269-46F9-4BBE-A7C4-D35282CCB30E}.Release|Any CPU.Build.0 = Release|Any CPU
	EndGlobalSection
	GlobalSection(SolutionProperties) = preSolution
		HideSolutionNode = FALSE
	EndGlobalSection
	GlobalSection(ExtensibilityGlobals) = postSolution
		SolutionGuid = {EEF28954-BD34-465A-98CC-94165A18E8D7}
	EndGlobalSection
EndGlobal
